
Microsoft Visual Studio Solution File, Format Version 12.00
# Visual Studio Version 16
VisualStudioVersion = 16.0.31613.86
MinimumVisualStudioVersion = 10.0.40219.1
Project("{9A19103F-16F7-4668-BE54-9A1E7A4F7556}") = "InlamningJeff", "InlamningJeff\InlamningJeff.csproj", "{5B7457E8-4B7F-433D-AAF1-69A0421B5E65}"
EndProject
Project("{9A19103F-16F7-4668-BE54-9A1E7A4F7556}") = "InlamningJeffTests", "InlamningJeffTests\InlamningJeffTests.csproj", "{0DDD06FE-834C-4F06-A6CD-2637B3B138E0}"
EndProject
Global
	GlobalSection(SolutionConfigurationPlatforms) = preSolution
		Debug|Any CPU = Debug|Any CPU
		Release|Any CPU = Release|Any CPU
	EndGlobalSection
	GlobalSection(ProjectConfigurationPlatforms) = postSolution
		{5B7457E8-4B7F-433D-AAF1-69A0421B5E65}.Debug|Any CPU.ActiveCfg = Debug|Any CPU
		{5B7457E8-4B7F-433D-AAF1-69A0421B5E65}.Debug|Any CPU.Build.0 = Debug|Any CPU
		{5B7457E8-4B7F-433D-AAF1-69A0421B5E65}.Release|Any CPU.ActiveCfg = Release|Any CPU
		{5B7457E8-4B7F-433D-AAF1-69A0421B5E65}.Release|Any CPU.Build.0 = Release|Any CPU
		{0DDD06FE-834C-4F06-A6CD-2637B3B138E0}.Debug|Any CPU.ActiveCfg = Debug|Any CPU
		{0DDD06FE-834C-4F06-A6CD-2637B3B138E0}.Debug|Any CPU.Build.0 = Debug|Any CPU
		{0DDD06FE-834C-4F06-A6CD-2637B3B138E0}.Release|Any CPU.ActiveCfg = Release|Any CPU
		{0DDD06FE-834C-4F06-A6CD-2637B3B138E0}.Release|Any CPU.Build.0 = Release|Any CPU
	EndGlobalSection
	GlobalSection(SolutionProperties) = preSolution
		HideSolutionNode = FALSE
	EndGlobalSection
	GlobalSection(ExtensibilityGlobals) = postSolution
		SolutionGuid = {6643631C-E917-48B3-B878-C43D08906896}
	EndGlobalSection
EndGlobal
